
Microsoft Visual Studio Solution File, Format Version 12.00
# Visual Studio Version 17
VisualStudioVersion = 17.14.36414.22
MinimumVisualStudioVersion = 10.0.40219.1
Project("{FAE04EC0-301F-11D3-BF4B-00C04F79EFBC}") = "Abstracciones", "Abstracciones\Abstracciones.csproj", "{C25D1F39-4547-41B4-949A-9E1840DAEB54}"
EndProject
Project("{00D1A9C2-B5F0-4AF3-8072-F6C62B433612}") = "BD", "BD\BD.sqlproj", "{0539C239-542C-4477-ABDA-5AEB5004376B}"
EndProject
Project("{FAE04EC0-301F-11D3-BF4B-00C04F79EFBC}") = "DA", "DA\DA.csproj", "{DFCD4A77-D5BE-41B4-8888-B7A9C06A1854}"
EndProject
Project("{FAE04EC0-301F-11D3-BF4B-00C04F79EFBC}") = "Flujo", "Flujo\Flujo.csproj", "{0687BCA0-9064-4EA6-A34B-36476525E0BB}"
EndProject
Project("{FAE04EC0-301F-11D3-BF4B-00C04F79EFBC}") = "API", "API\API.csproj", "{F72E77CD-5E84-4EB6-807C-7B1B6212D46C}"
EndProject
Project("{FAE04EC0-301F-11D3-BF4B-00C04F79EFBC}") = "Servicios", "Servicios\Servicios.csproj", "{6A214DFA-CDE6-4962-8CF7-0EDE93E29527}"
EndProject
Project("{FAE04EC0-301F-11D3-BF4B-00C04F79EFBC}") = "Reglas", "Reglas\Reglas.csproj", "{9647E12E-528A-4801-8C07-6FA9C770499D}"
EndProject
Global
	GlobalSection(SolutionConfigurationPlatforms) = preSolution
		Debug|Any CPU = Debug|Any CPU
		Release|Any CPU = Release|Any CPU
	EndGlobalSection
	GlobalSection(ProjectConfigurationPlatforms) = postSolution
		{C25D1F39-4547-41B4-949A-9E1840DAEB54}.Debug|Any CPU.ActiveCfg = Debug|Any CPU
		{C25D1F39-4547-41B4-949A-9E1840DAEB54}.Debug|Any CPU.Build.0 = Debug|Any CPU
		{C25D1F39-4547-41B4-949A-9E1840DAEB54}.Release|Any CPU.ActiveCfg = Release|Any CPU
		{C25D1F39-4547-41B4-949A-9E1840DAEB54}.Release|Any CPU.Build.0 = Release|Any CPU
		{0539C239-542C-4477-ABDA-5AEB5004376B}.Debug|Any CPU.ActiveCfg = Debug|Any CPU
		{0539C239-542C-4477-ABDA-5AEB5004376B}.Debug|Any CPU.Build.0 = Debug|Any CPU
		{0539C239-542C-4477-ABDA-5AEB5004376B}.Debug|Any CPU.Deploy.0 = Debug|Any CPU
		{0539C239-542C-4477-ABDA-5AEB5004376B}.Release|Any CPU.ActiveCfg = Release|Any CPU
		{0539C239-542C-4477-ABDA-5AEB5004376B}.Release|Any CPU.Build.0 = Release|Any CPU
		{0539C239-542C-4477-ABDA-5AEB5004376B}.Release|Any CPU.Deploy.0 = Release|Any CPU
		{DFCD4A77-D5BE-41B4-8888-B7A9C06A1854}.Debug|Any CPU.ActiveCfg = Debug|Any CPU
		{DFCD4A77-D5BE-41B4-8888-B7A9C06A1854}.Debug|Any CPU.Build.0 = Debug|Any CPU
		{DFCD4A77-D5BE-41B4-8888-B7A9C06A1854}.Release|Any CPU.ActiveCfg = Release|Any CPU
		{DFCD4A77-D5BE-41B4-8888-B7A9C06A1854}.Release|Any CPU.Build.0 = Release|Any CPU
		{0687BCA0-9064-4EA6-A34B-36476525E0BB}.Debug|Any CPU.ActiveCfg = Debug|Any CPU
		{0687BCA0-9064-4EA6-A34B-36476525E0BB}.Debug|Any CPU.Build.0 = Debug|Any CPU
		{0687BCA0-9064-4EA6-A34B-36476525E0BB}.Release|Any CPU.ActiveCfg = Release|Any CPU
		{0687BCA0-9064-4EA6-A34B-36476525E0BB}.Release|Any CPU.Build.0 = Release|Any CPU
		{F72E77CD-5E84-4EB6-807C-7B1B6212D46C}.Debug|Any CPU.ActiveCfg = Debug|Any CPU
		{F72E77CD-5E84-4EB6-807C-7B1B6212D46C}.Debug|Any CPU.Build.0 = Debug|Any CPU
		{F72E77CD-5E84-4EB6-807C-7B1B6212D46C}.Release|Any CPU.ActiveCfg = Release|Any CPU
		{F72E77CD-5E84-4EB6-807C-7B1B6212D46C}.Release|Any CPU.Build.0 = Release|Any CPU
		{6A214DFA-CDE6-4962-8CF7-0EDE93E29527}.Debug|Any CPU.ActiveCfg = Debug|Any CPU
		{6A214DFA-CDE6-4962-8CF7-0EDE93E29527}.Debug|Any CPU.Build.0 = Debug|Any CPU
		{6A214DFA-CDE6-4962-8CF7-0EDE93E29527}.Release|Any CPU.ActiveCfg = Release|Any CPU
		{6A214DFA-CDE6-4962-8CF7-0EDE93E29527}.Release|Any CPU.Build.0 = Release|Any CPU
		{9647E12E-528A-4801-8C07-6FA9C770499D}.Debug|Any CPU.ActiveCfg = Debug|Any CPU
		{9647E12E-528A-4801-8C07-6FA9C770499D}.Debug|Any CPU.Build.0 = Debug|Any CPU
		{9647E12E-528A-4801-8C07-6FA9C770499D}.Release|Any CPU.ActiveCfg = Release|Any CPU
		{9647E12E-528A-4801-8C07-6FA9C770499D}.Release|Any CPU.Build.0 = Release|Any CPU
	EndGlobalSection
	GlobalSection(SolutionProperties) = preSolution
		HideSolutionNode = FALSE
	EndGlobalSection
	GlobalSection(ExtensibilityGlobals) = postSolution
		SolutionGuid = {7D21E721-8269-47E3-A717-CC2EA8BEB23B}
	EndGlobalSection
EndGlobal
