
Microsoft Visual Studio Solution File, Format Version 12.00
# Visual Studio Version 18
VisualStudioVersion = 18.4.11605.240 stable
MinimumVisualStudioVersion = 10.0.40219.1
Project("{FAE04EC0-301F-11D3-BF4B-00C04F79EFBC}") = "Abstracciones", "Abstracciones\Abstracciones.csproj", "{A673807E-869A-40D6-A998-D34063AE23EC}"
EndProject
Project("{FAE04EC0-301F-11D3-BF4B-00C04F79EFBC}") = "Reglas", "Reglas\Reglas.csproj", "{426CC93D-4E9C-4DF6-B4B8-DC586D7D422E}"
EndProject
Project("{FAE04EC0-301F-11D3-BF4B-00C04F79EFBC}") = "Web", "Web\Web.csproj", "{3D28B489-C339-468F-B3B3-2E03A7F8DFE4}"
EndProject
Global
	GlobalSection(SolutionConfigurationPlatforms) = preSolution
		Debug|Any CPU = Debug|Any CPU
		Release|Any CPU = Release|Any CPU
	EndGlobalSection
	GlobalSection(ProjectConfigurationPlatforms) = postSolution
		{A673807E-869A-40D6-A998-D34063AE23EC}.Debug|Any CPU.ActiveCfg = Debug|Any CPU
		{A673807E-869A-40D6-A998-D34063AE23EC}.Debug|Any CPU.Build.0 = Debug|Any CPU
		{A673807E-869A-40D6-A998-D34063AE23EC}.Release|Any CPU.ActiveCfg = Release|Any CPU
		{A673807E-869A-40D6-A998-D34063AE23EC}.Release|Any CPU.Build.0 = Release|Any CPU
		{426CC93D-4E9C-4DF6-B4B8-DC586D7D422E}.Debug|Any CPU.ActiveCfg = Debug|Any CPU
		{426CC93D-4E9C-4DF6-B4B8-DC586D7D422E}.Debug|Any CPU.Build.0 = Debug|Any CPU
		{426CC93D-4E9C-4DF6-B4B8-DC586D7D422E}.Release|Any CPU.ActiveCfg = Release|Any CPU
		{426CC93D-4E9C-4DF6-B4B8-DC586D7D422E}.Release|Any CPU.Build.0 = Release|Any CPU
		{3D28B489-C339-468F-B3B3-2E03A7F8DFE4}.Debug|Any CPU.ActiveCfg = Debug|Any CPU
		{3D28B489-C339-468F-B3B3-2E03A7F8DFE4}.Debug|Any CPU.Build.0 = Debug|Any CPU
		{3D28B489-C339-468F-B3B3-2E03A7F8DFE4}.Release|Any CPU.ActiveCfg = Release|Any CPU
		{3D28B489-C339-468F-B3B3-2E03A7F8DFE4}.Release|Any CPU.Build.0 = Release|Any CPU
	EndGlobalSection
	GlobalSection(SolutionProperties) = preSolution
		HideSolutionNode = FALSE
	EndGlobalSection
	GlobalSection(ExtensibilityGlobals) = postSolution
		SolutionGuid = {79828C2C-85E1-4503-A0DC-8FE4A1BECBCA}
	EndGlobalSection
EndGlobal
